
Microsoft Visual Studio Solution File, Format Version 12.00
# Visual Studio Version 17
VisualStudioVersion = 17.3.32825.248
MinimumVisualStudioVersion = 10.0.40219.1
Project("{2150E333-8FDC-42A3-9474-1A3956D46DE8}") = "NetFundamentals", "NetFundamentals", "{6134C64A-A04E-4B25-A2F6-51E9C7564237}"
EndProject
Project("{9A19103F-16F7-4668-BE54-9A1E7A4F7556}") = "Task1_Console", "NetFundamentals\Task1_Console\Task1_Console.csproj", "{5098C2F0-CE6C-4116-B16F-1C1646217BC2}"
EndProject
Project("{9A19103F-16F7-4668-BE54-9A1E7A4F7556}") = "Task2", "NetFundamentals\Task2\Task2.csproj", "{1A9F87DE-463D-4259-A832-E9F967B5F774}"
EndProject
Project("{9A19103F-16F7-4668-BE54-9A1E7A4F7556}") = "Task1_WPF", "NetFundamentals\Task1_WPF\Task1_WPF.csproj", "{01E4C50D-7D00-4595-AB65-E21B429F66B4}"
EndProject
Project("{9A19103F-16F7-4668-BE54-9A1E7A4F7556}") = "WinFormsApp1", "NetFundamentals\WinFormsApp1\WinFormsApp1.csproj", "{D8BF4976-54CA-42EC-999D-1971BA30E96D}"
EndProject
Project("{2150E333-8FDC-42A3-9474-1A3956D46DE8}") = "DebuggingFundamentals_2", "DebuggingFundamentals_2", "{E9ADEB77-38F8-4574-A601-60EDDBD64AE6}"
EndProject
Project("{9A19103F-16F7-4668-BE54-9A1E7A4F7556}") = "Task1", "DebuggingFundamentals_2\Task1\Task1.csproj", "{B1F549C8-ED4E-4542-A4B3-36B08FEB73B2}"
EndProject
Project("{9A19103F-16F7-4668-BE54-9A1E7A4F7556}") = "Task1.Tests", "DebuggingFundamentals_2\Task1.Tests\Task1.Tests.csproj", "{D5CF7619-5D30-4669-A494-80F1E524E726}"
EndProject
Project("{2150E333-8FDC-42A3-9474-1A3956D46DE8}") = "Advanced_3", "Advanced_3", "{1DDDA476-F499-4A63-B302-A8DDB19084F2}"
EndProject
Project("{9A19103F-16F7-4668-BE54-9A1E7A4F7556}") = "Task", "Advanced_3\Task\Task.csproj", "{35DF4954-9877-46A9-BFDF-F736393F4E2E}"
EndProject
Project("{9A19103F-16F7-4668-BE54-9A1E7A4F7556}") = "Library", "Advanced_3\Library\Library.csproj", "{0E078925-9103-4374-90A5-6E5786A5B25D}"
EndProject
Project("{9A19103F-16F7-4668-BE54-9A1E7A4F7556}") = "UnitTests", "Advanced_3\UnitTests\UnitTests.csproj", "{51420CE2-F578-4A0F-9492-98C5DC9CD80C}"
EndProject
Project("{2150E333-8FDC-42A3-9474-1A3956D46DE8}") = "ExceptionHandling", "ExceptionHandling", "{5939DACF-70A1-479C-AB87-08BA5122368C}"
EndProject
Project("{9A19103F-16F7-4668-BE54-9A1E7A4F7556}") = "Task1", "ExceptionHandling\Task1\Task1.csproj", "{44C0B185-417B-42CD-BB86-41B61D519CF6}"
EndProject
Project("{9A19103F-16F7-4668-BE54-9A1E7A4F7556}") = "Task2", "ExceptionHandling\Task2\Task2.csproj", "{1016515F-478D-498B-8D28-632780B8BC87}"
EndProject
Project("{9A19103F-16F7-4668-BE54-9A1E7A4F7556}") = "Task2.Tests", "ExceptionHandling\Task2.Tests\Task2.Tests.csproj", "{C907454E-EDE0-4FE4-B5FF-3BABA54725A0}"
EndProject
Project("{9A19103F-16F7-4668-BE54-9A1E7A4F7556}") = "Task3", "ExceptionHandling\Task3\Task3.csproj", "{56464585-1A9C-492B-808C-9BB7B7CD679B}"
EndProject
Project("{9A19103F-16F7-4668-BE54-9A1E7A4F7556}") = "Task3.Tests", "ExceptionHandling\Task3.Tests\Task3.Tests.csproj", "{0C234120-CD22-41DF-9823-9BC37B73B116}"
EndProject
Project("{2150E333-8FDC-42A3-9474-1A3956D46DE8}") = "DataStructures_6", "DataStructures_6", "{4D896FE8-3E65-494B-89FA-10FB1F7FF800}"
EndProject
Project("{9A19103F-16F7-4668-BE54-9A1E7A4F7556}") = "Tasks", "DataStructures_6\Tasks\Tasks.csproj", "{384F987F-0CA5-4E9B-BF85-CBF3BBD00731}"
EndProject
Project("{9A19103F-16F7-4668-BE54-9A1E7A4F7556}") = "Tasks.Tests", "DataStructures_6\Tasks.Tests\Tasks.Tests.csproj", "{6411622C-773D-444C-B895-C12C12338ECC}"
EndProject
Project("{2150E333-8FDC-42A3-9474-1A3956D46DE8}") = "Reflection_5", "Reflection_5", "{3F4522F4-0438-41B9-B711-5A5E958D97E1}"
EndProject
Project("{9A19103F-16F7-4668-BE54-9A1E7A4F7556}") = "Reflection.Providers", "Reflection_5\Reflection.Providers\Reflection.Providers.csproj", "{99BAD23C-A5B1-4CC5-B6B6-6A902BBB1137}"
EndProject
Project("{9A19103F-16F7-4668-BE54-9A1E7A4F7556}") = "Reflection.Task1", "Reflection_5\Reflection.Task1\Reflection.Task1.csproj", "{16208731-BAE6-402C-9563-F1DD1952E76B}"
EndProject
Project("{2150E333-8FDC-42A3-9474-1A3956D46DE8}") = "Serialization", "Serialization", "{D4EDFAA2-1E91-4443-9023-FA38FFD6089F}"
EndProject
Project("{FAE04EC0-301F-11D3-BF4B-00C04F79EFBC}") = "SerializationTasks", "Serialization\SerializationTasks\SerializationTasks.csproj", "{DCF54B9F-73D1-4C6D-85A3-49BE1CAE0230}"
EndProject
Global
	GlobalSection(SolutionConfigurationPlatforms) = preSolution
		Debug|Any CPU = Debug|Any CPU
		Release|Any CPU = Release|Any CPU
	EndGlobalSection
	GlobalSection(ProjectConfigurationPlatforms) = postSolution
		{5098C2F0-CE6C-4116-B16F-1C1646217BC2}.Debug|Any CPU.ActiveCfg = Debug|Any CPU
		{5098C2F0-CE6C-4116-B16F-1C1646217BC2}.Debug|Any CPU.Build.0 = Debug|Any CPU
		{5098C2F0-CE6C-4116-B16F-1C1646217BC2}.Release|Any CPU.ActiveCfg = Release|Any CPU
		{5098C2F0-CE6C-4116-B16F-1C1646217BC2}.Release|Any CPU.Build.0 = Release|Any CPU
		{1A9F87DE-463D-4259-A832-E9F967B5F774}.Debug|Any CPU.ActiveCfg = Debug|Any CPU
		{1A9F87DE-463D-4259-A832-E9F967B5F774}.Debug|Any CPU.Build.0 = Debug|Any CPU
		{1A9F87DE-463D-4259-A832-E9F967B5F774}.Release|Any CPU.ActiveCfg = Release|Any CPU
		{1A9F87DE-463D-4259-A832-E9F967B5F774}.Release|Any CPU.Build.0 = Release|Any CPU
		{01E4C50D-7D00-4595-AB65-E21B429F66B4}.Debug|Any CPU.ActiveCfg = Debug|Any CPU
		{01E4C50D-7D00-4595-AB65-E21B429F66B4}.Debug|Any CPU.Build.0 = Debug|Any CPU
		{01E4C50D-7D00-4595-AB65-E21B429F66B4}.Release|Any CPU.ActiveCfg = Release|Any CPU
		{01E4C50D-7D00-4595-AB65-E21B429F66B4}.Release|Any CPU.Build.0 = Release|Any CPU
		{D8BF4976-54CA-42EC-999D-1971BA30E96D}.Debug|Any CPU.ActiveCfg = Debug|Any CPU
		{D8BF4976-54CA-42EC-999D-1971BA30E96D}.Debug|Any CPU.Build.0 = Debug|Any CPU
		{D8BF4976-54CA-42EC-999D-1971BA30E96D}.Release|Any CPU.ActiveCfg = Release|Any CPU
		{D8BF4976-54CA-42EC-999D-1971BA30E96D}.Release|Any CPU.Build.0 = Release|Any CPU
		{B1F549C8-ED4E-4542-A4B3-36B08FEB73B2}.Debug|Any CPU.ActiveCfg = Debug|Any CPU
		{B1F549C8-ED4E-4542-A4B3-36B08FEB73B2}.Debug|Any CPU.Build.0 = Debug|Any CPU
		{B1F549C8-ED4E-4542-A4B3-36B08FEB73B2}.Release|Any CPU.ActiveCfg = Release|Any CPU
		{B1F549C8-ED4E-4542-A4B3-36B08FEB73B2}.Release|Any CPU.Build.0 = Release|Any CPU
		{D5CF7619-5D30-4669-A494-80F1E524E726}.Debug|Any CPU.ActiveCfg = Debug|Any CPU
		{D5CF7619-5D30-4669-A494-80F1E524E726}.Debug|Any CPU.Build.0 = Debug|Any CPU
		{D5CF7619-5D30-4669-A494-80F1E524E726}.Release|Any CPU.ActiveCfg = Release|Any CPU
		{D5CF7619-5D30-4669-A494-80F1E524E726}.Release|Any CPU.Build.0 = Release|Any CPU
		{35DF4954-9877-46A9-BFDF-F736393F4E2E}.Debug|Any CPU.ActiveCfg = Debug|Any CPU
		{35DF4954-9877-46A9-BFDF-F736393F4E2E}.Debug|Any CPU.Build.0 = Debug|Any CPU
		{35DF4954-9877-46A9-BFDF-F736393F4E2E}.Release|Any CPU.ActiveCfg = Release|Any CPU
		{35DF4954-9877-46A9-BFDF-F736393F4E2E}.Release|Any CPU.Build.0 = Release|Any CPU
		{0E078925-9103-4374-90A5-6E5786A5B25D}.Debug|Any CPU.ActiveCfg = Debug|Any CPU
		{0E078925-9103-4374-90A5-6E5786A5B25D}.Debug|Any CPU.Build.0 = Debug|Any CPU
		{0E078925-9103-4374-90A5-6E5786A5B25D}.Release|Any CPU.ActiveCfg = Release|Any CPU
		{0E078925-9103-4374-90A5-6E5786A5B25D}.Release|Any CPU.Build.0 = Release|Any CPU
		{51420CE2-F578-4A0F-9492-98C5DC9CD80C}.Debug|Any CPU.ActiveCfg = Debug|Any CPU
		{51420CE2-F578-4A0F-9492-98C5DC9CD80C}.Debug|Any CPU.Build.0 = Debug|Any CPU
		{51420CE2-F578-4A0F-9492-98C5DC9CD80C}.Release|Any CPU.ActiveCfg = Release|Any CPU
		{51420CE2-F578-4A0F-9492-98C5DC9CD80C}.Release|Any CPU.Build.0 = Release|Any CPU
		{44C0B185-417B-42CD-BB86-41B61D519CF6}.Debug|Any CPU.ActiveCfg = Debug|Any CPU
		{44C0B185-417B-42CD-BB86-41B61D519CF6}.Debug|Any CPU.Build.0 = Debug|Any CPU
		{44C0B185-417B-42CD-BB86-41B61D519CF6}.Release|Any CPU.ActiveCfg = Release|Any CPU
		{44C0B185-417B-42CD-BB86-41B61D519CF6}.Release|Any CPU.Build.0 = Release|Any CPU
		{1016515F-478D-498B-8D28-632780B8BC87}.Debug|Any CPU.ActiveCfg = Debug|Any CPU
		{1016515F-478D-498B-8D28-632780B8BC87}.Debug|Any CPU.Build.0 = Debug|Any CPU
		{1016515F-478D-498B-8D28-632780B8BC87}.Release|Any CPU.ActiveCfg = Release|Any CPU
		{1016515F-478D-498B-8D28-632780B8BC87}.Release|Any CPU.Build.0 = Release|Any CPU
		{C907454E-EDE0-4FE4-B5FF-3BABA54725A0}.Debug|Any CPU.ActiveCfg = Debug|Any CPU
		{C907454E-EDE0-4FE4-B5FF-3BABA54725A0}.Debug|Any CPU.Build.0 = Debug|Any CPU
		{C907454E-EDE0-4FE4-B5FF-3BABA54725A0}.Release|Any CPU.ActiveCfg = Release|Any CPU
		{C907454E-EDE0-4FE4-B5FF-3BABA54725A0}.Release|Any CPU.Build.0 = Release|Any CPU
		{56464585-1A9C-492B-808C-9BB7B7CD679B}.Debug|Any CPU.ActiveCfg = Debug|Any CPU
		{56464585-1A9C-492B-808C-9BB7B7CD679B}.Debug|Any CPU.Build.0 = Debug|Any CPU
		{56464585-1A9C-492B-808C-9BB7B7CD679B}.Release|Any CPU.ActiveCfg = Release|Any CPU
		{56464585-1A9C-492B-808C-9BB7B7CD679B}.Release|Any CPU.Build.0 = Release|Any CPU
		{0C234120-CD22-41DF-9823-9BC37B73B116}.Debug|Any CPU.ActiveCfg = Debug|Any CPU
		{0C234120-CD22-41DF-9823-9BC37B73B116}.Debug|Any CPU.Build.0 = Debug|Any CPU
		{0C234120-CD22-41DF-9823-9BC37B73B116}.Release|Any CPU.ActiveCfg = Release|Any CPU
		{0C234120-CD22-41DF-9823-9BC37B73B116}.Release|Any CPU.Build.0 = Release|Any CPU
		{384F987F-0CA5-4E9B-BF85-CBF3BBD00731}.Debug|Any CPU.ActiveCfg = Debug|Any CPU
		{384F987F-0CA5-4E9B-BF85-CBF3BBD00731}.Debug|Any CPU.Build.0 = Debug|Any CPU
		{384F987F-0CA5-4E9B-BF85-CBF3BBD00731}.Release|Any CPU.ActiveCfg = Release|Any CPU
		{384F987F-0CA5-4E9B-BF85-CBF3BBD00731}.Release|Any CPU.Build.0 = Release|Any CPU
		{6411622C-773D-444C-B895-C12C12338ECC}.Debug|Any CPU.ActiveCfg = Debug|Any CPU
		{6411622C-773D-444C-B895-C12C12338ECC}.Debug|Any CPU.Build.0 = Debug|Any CPU
		{6411622C-773D-444C-B895-C12C12338ECC}.Release|Any CPU.ActiveCfg = Release|Any CPU
		{6411622C-773D-444C-B895-C12C12338ECC}.Release|Any CPU.Build.0 = Release|Any CPU
		{99BAD23C-A5B1-4CC5-B6B6-6A902BBB1137}.Debug|Any CPU.ActiveCfg = Debug|Any CPU
		{99BAD23C-A5B1-4CC5-B6B6-6A902BBB1137}.Debug|Any CPU.Build.0 = Debug|Any CPU
		{99BAD23C-A5B1-4CC5-B6B6-6A902BBB1137}.Release|Any CPU.ActiveCfg = Release|Any CPU
		{99BAD23C-A5B1-4CC5-B6B6-6A902BBB1137}.Release|Any CPU.Build.0 = Release|Any CPU
		{16208731-BAE6-402C-9563-F1DD1952E76B}.Debug|Any CPU.ActiveCfg = Debug|Any CPU
		{16208731-BAE6-402C-9563-F1DD1952E76B}.Debug|Any CPU.Build.0 = Debug|Any CPU
		{16208731-BAE6-402C-9563-F1DD1952E76B}.Release|Any CPU.ActiveCfg = Release|Any CPU
		{16208731-BAE6-402C-9563-F1DD1952E76B}.Release|Any CPU.Build.0 = Release|Any CPU
		{DCF54B9F-73D1-4C6D-85A3-49BE1CAE0230}.Debug|Any CPU.ActiveCfg = Debug|Any CPU
		{DCF54B9F-73D1-4C6D-85A3-49BE1CAE0230}.Debug|Any CPU.Build.0 = Debug|Any CPU
		{DCF54B9F-73D1-4C6D-85A3-49BE1CAE0230}.Release|Any CPU.ActiveCfg = Release|Any CPU
		{DCF54B9F-73D1-4C6D-85A3-49BE1CAE0230}.Release|Any CPU.Build.0 = Release|Any CPU
	EndGlobalSection
	GlobalSection(SolutionProperties) = preSolution
		HideSolutionNode = FALSE
	EndGlobalSection
	GlobalSection(NestedProjects) = preSolution
		{5098C2F0-CE6C-4116-B16F-1C1646217BC2} = {6134C64A-A04E-4B25-A2F6-51E9C7564237}
		{1A9F87DE-463D-4259-A832-E9F967B5F774} = {6134C64A-A04E-4B25-A2F6-51E9C7564237}
		{01E4C50D-7D00-4595-AB65-E21B429F66B4} = {6134C64A-A04E-4B25-A2F6-51E9C7564237}
		{D8BF4976-54CA-42EC-999D-1971BA30E96D} = {6134C64A-A04E-4B25-A2F6-51E9C7564237}
		{B1F549C8-ED4E-4542-A4B3-36B08FEB73B2} = {E9ADEB77-38F8-4574-A601-60EDDBD64AE6}
		{D5CF7619-5D30-4669-A494-80F1E524E726} = {E9ADEB77-38F8-4574-A601-60EDDBD64AE6}
		{35DF4954-9877-46A9-BFDF-F736393F4E2E} = {1DDDA476-F499-4A63-B302-A8DDB19084F2}
		{0E078925-9103-4374-90A5-6E5786A5B25D} = {1DDDA476-F499-4A63-B302-A8DDB19084F2}
		{51420CE2-F578-4A0F-9492-98C5DC9CD80C} = {1DDDA476-F499-4A63-B302-A8DDB19084F2}
		{44C0B185-417B-42CD-BB86-41B61D519CF6} = {5939DACF-70A1-479C-AB87-08BA5122368C}
		{1016515F-478D-498B-8D28-632780B8BC87} = {5939DACF-70A1-479C-AB87-08BA5122368C}
		{C907454E-EDE0-4FE4-B5FF-3BABA54725A0} = {5939DACF-70A1-479C-AB87-08BA5122368C}
		{56464585-1A9C-492B-808C-9BB7B7CD679B} = {5939DACF-70A1-479C-AB87-08BA5122368C}
		{0C234120-CD22-41DF-9823-9BC37B73B116} = {5939DACF-70A1-479C-AB87-08BA5122368C}
		{384F987F-0CA5-4E9B-BF85-CBF3BBD00731} = {4D896FE8-3E65-494B-89FA-10FB1F7FF800}
		{6411622C-773D-444C-B895-C12C12338ECC} = {4D896FE8-3E65-494B-89FA-10FB1F7FF800}
		{99BAD23C-A5B1-4CC5-B6B6-6A902BBB1137} = {3F4522F4-0438-41B9-B711-5A5E958D97E1}
		{16208731-BAE6-402C-9563-F1DD1952E76B} = {3F4522F4-0438-41B9-B711-5A5E958D97E1}
		{DCF54B9F-73D1-4C6D-85A3-49BE1CAE0230} = {D4EDFAA2-1E91-4443-9023-FA38FFD6089F}
	EndGlobalSection
	GlobalSection(ExtensibilityGlobals) = postSolution
		SolutionGuid = {3C73BED1-C7C1-42E4-BCC0-DF6B042D6185}
	EndGlobalSection
EndGlobal
