
Microsoft Visual Studio Solution File, Format Version 12.00
# Visual Studio Version 17
VisualStudioVersion = 17.3.32825.248
MinimumVisualStudioVersion = 10.0.40219.1
Project("{2150E333-8FDC-42A3-9474-1A3956D46DE8}") = "NetFundamentals", "NetFundamentals", "{6134C64A-A04E-4B25-A2F6-51E9C7564237}"
EndProject
Project("{9A19103F-16F7-4668-BE54-9A1E7A4F7556}") = "Task1_Console", "NetFundamentals\Task1_Console\Task1_Console.csproj", "{5098C2F0-CE6C-4116-B16F-1C1646217BC2}"
EndProject
Project("{9A19103F-16F7-4668-BE54-9A1E7A4F7556}") = "Task2", "NetFundamentals\Task2\Task2.csproj", "{1A9F87DE-463D-4259-A832-E9F967B5F774}"
EndProject
Project("{9A19103F-16F7-4668-BE54-9A1E7A4F7556}") = "Task1_WPF", "NetFundamentals\Task1_WPF\Task1_WPF.csproj", "{01E4C50D-7D00-4595-AB65-E21B429F66B4}"
EndProject
Project("{9A19103F-16F7-4668-BE54-9A1E7A4F7556}") = "WinFormsApp1", "NetFundamentals\WinFormsApp1\WinFormsApp1.csproj", "{D8BF4976-54CA-42EC-999D-1971BA30E96D}"
EndProject
Project("{2150E333-8FDC-42A3-9474-1A3956D46DE8}") = "DebuggingFundamentals_2", "DebuggingFundamentals_2", "{E9ADEB77-38F8-4574-A601-60EDDBD64AE6}"
EndProject
Project("{9A19103F-16F7-4668-BE54-9A1E7A4F7556}") = "Task1", "DebuggingFundamentals_2\Task1\Task1.csproj", "{B1F549C8-ED4E-4542-A4B3-36B08FEB73B2}"
EndProject
Project("{9A19103F-16F7-4668-BE54-9A1E7A4F7556}") = "Task1.Tests", "DebuggingFundamentals_2\Task1.Tests\Task1.Tests.csproj", "{D5CF7619-5D30-4669-A494-80F1E524E726}"
EndProject
Project("{2150E333-8FDC-42A3-9474-1A3956D46DE8}") = "Advanced_3", "Advanced_3", "{1DDDA476-F499-4A63-B302-A8DDB19084F2}"
EndProject
Project("{9A19103F-16F7-4668-BE54-9A1E7A4F7556}") = "Task", "Advanced_3\Task\Task.csproj", "{35DF4954-9877-46A9-BFDF-F736393F4E2E}"
EndProject
Project("{9A19103F-16F7-4668-BE54-9A1E7A4F7556}") = "Library", "Advanced_3\Library\Library.csproj", "{0E078925-9103-4374-90A5-6E5786A5B25D}"
EndProject
Project("{9A19103F-16F7-4668-BE54-9A1E7A4F7556}") = "UnitTests", "Advanced_3\UnitTests\UnitTests.csproj", "{51420CE2-F578-4A0F-9492-98C5DC9CD80C}"
EndProject
Project("{2150E333-8FDC-42A3-9474-1A3956D46DE8}") = "Reflection_5", "Reflection_5", "{815B5136-A8D5-4084-B93D-F0C96C7B4E14}"
EndProject
Project("{FAE04EC0-301F-11D3-BF4B-00C04F79EFBC}") = "Reflection.Task1", "Reflection_5\Reflection.Task1\Reflection.Task1.csproj", "{12F906F9-CBD3-47F0-86A0-C7A12CB62CC2}"
EndProject
Global
	GlobalSection(SolutionConfigurationPlatforms) = preSolution
		Debug|Any CPU = Debug|Any CPU
		Debug|x64 = Debug|x64
		Debug|x86 = Debug|x86
		Release|Any CPU = Release|Any CPU
		Release|x64 = Release|x64
		Release|x86 = Release|x86
	EndGlobalSection
	GlobalSection(ProjectConfigurationPlatforms) = postSolution
		{5098C2F0-CE6C-4116-B16F-1C1646217BC2}.Debug|Any CPU.ActiveCfg = Debug|Any CPU
		{5098C2F0-CE6C-4116-B16F-1C1646217BC2}.Debug|Any CPU.Build.0 = Debug|Any CPU
		{5098C2F0-CE6C-4116-B16F-1C1646217BC2}.Debug|x64.ActiveCfg = Debug|Any CPU
		{5098C2F0-CE6C-4116-B16F-1C1646217BC2}.Debug|x64.Build.0 = Debug|Any CPU
		{5098C2F0-CE6C-4116-B16F-1C1646217BC2}.Debug|x86.ActiveCfg = Debug|Any CPU
		{5098C2F0-CE6C-4116-B16F-1C1646217BC2}.Debug|x86.Build.0 = Debug|Any CPU
		{5098C2F0-CE6C-4116-B16F-1C1646217BC2}.Release|Any CPU.ActiveCfg = Release|Any CPU
		{5098C2F0-CE6C-4116-B16F-1C1646217BC2}.Release|Any CPU.Build.0 = Release|Any CPU
		{5098C2F0-CE6C-4116-B16F-1C1646217BC2}.Release|x64.ActiveCfg = Release|Any CPU
		{5098C2F0-CE6C-4116-B16F-1C1646217BC2}.Release|x64.Build.0 = Release|Any CPU
		{5098C2F0-CE6C-4116-B16F-1C1646217BC2}.Release|x86.ActiveCfg = Release|Any CPU
		{5098C2F0-CE6C-4116-B16F-1C1646217BC2}.Release|x86.Build.0 = Release|Any CPU
		{1A9F87DE-463D-4259-A832-E9F967B5F774}.Debug|Any CPU.ActiveCfg = Debug|Any CPU
		{1A9F87DE-463D-4259-A832-E9F967B5F774}.Debug|Any CPU.Build.0 = Debug|Any CPU
		{1A9F87DE-463D-4259-A832-E9F967B5F774}.Debug|x64.ActiveCfg = Debug|Any CPU
		{1A9F87DE-463D-4259-A832-E9F967B5F774}.Debug|x64.Build.0 = Debug|Any CPU
		{1A9F87DE-463D-4259-A832-E9F967B5F774}.Debug|x86.ActiveCfg = Debug|Any CPU
		{1A9F87DE-463D-4259-A832-E9F967B5F774}.Debug|x86.Build.0 = Debug|Any CPU
		{1A9F87DE-463D-4259-A832-E9F967B5F774}.Release|Any CPU.ActiveCfg = Release|Any CPU
		{1A9F87DE-463D-4259-A832-E9F967B5F774}.Release|Any CPU.Build.0 = Release|Any CPU
		{1A9F87DE-463D-4259-A832-E9F967B5F774}.Release|x64.ActiveCfg = Release|Any CPU
		{1A9F87DE-463D-4259-A832-E9F967B5F774}.Release|x64.Build.0 = Release|Any CPU
		{1A9F87DE-463D-4259-A832-E9F967B5F774}.Release|x86.ActiveCfg = Release|Any CPU
		{1A9F87DE-463D-4259-A832-E9F967B5F774}.Release|x86.Build.0 = Release|Any CPU
		{01E4C50D-7D00-4595-AB65-E21B429F66B4}.Debug|Any CPU.ActiveCfg = Debug|Any CPU
		{01E4C50D-7D00-4595-AB65-E21B429F66B4}.Debug|Any CPU.Build.0 = Debug|Any CPU
		{01E4C50D-7D00-4595-AB65-E21B429F66B4}.Debug|x64.ActiveCfg = Debug|Any CPU
		{01E4C50D-7D00-4595-AB65-E21B429F66B4}.Debug|x64.Build.0 = Debug|Any CPU
		{01E4C50D-7D00-4595-AB65-E21B429F66B4}.Debug|x86.ActiveCfg = Debug|Any CPU
		{01E4C50D-7D00-4595-AB65-E21B429F66B4}.Debug|x86.Build.0 = Debug|Any CPU
		{01E4C50D-7D00-4595-AB65-E21B429F66B4}.Release|Any CPU.ActiveCfg = Release|Any CPU
		{01E4C50D-7D00-4595-AB65-E21B429F66B4}.Release|Any CPU.Build.0 = Release|Any CPU
		{01E4C50D-7D00-4595-AB65-E21B429F66B4}.Release|x64.ActiveCfg = Release|Any CPU
		{01E4C50D-7D00-4595-AB65-E21B429F66B4}.Release|x64.Build.0 = Release|Any CPU
		{01E4C50D-7D00-4595-AB65-E21B429F66B4}.Release|x86.ActiveCfg = Release|Any CPU
		{01E4C50D-7D00-4595-AB65-E21B429F66B4}.Release|x86.Build.0 = Release|Any CPU
		{D8BF4976-54CA-42EC-999D-1971BA30E96D}.Debug|Any CPU.ActiveCfg = Debug|Any CPU
		{D8BF4976-54CA-42EC-999D-1971BA30E96D}.Debug|Any CPU.Build.0 = Debug|Any CPU
		{D8BF4976-54CA-42EC-999D-1971BA30E96D}.Debug|x64.ActiveCfg = Debug|Any CPU
		{D8BF4976-54CA-42EC-999D-1971BA30E96D}.Debug|x64.Build.0 = Debug|Any CPU
		{D8BF4976-54CA-42EC-999D-1971BA30E96D}.Debug|x86.ActiveCfg = Debug|Any CPU
		{D8BF4976-54CA-42EC-999D-1971BA30E96D}.Debug|x86.Build.0 = Debug|Any CPU
		{D8BF4976-54CA-42EC-999D-1971BA30E96D}.Release|Any CPU.ActiveCfg = Release|Any CPU
		{D8BF4976-54CA-42EC-999D-1971BA30E96D}.Release|Any CPU.Build.0 = Release|Any CPU
		{D8BF4976-54CA-42EC-999D-1971BA30E96D}.Release|x64.ActiveCfg = Release|Any CPU
		{D8BF4976-54CA-42EC-999D-1971BA30E96D}.Release|x64.Build.0 = Release|Any CPU
		{D8BF4976-54CA-42EC-999D-1971BA30E96D}.Release|x86.ActiveCfg = Release|Any CPU
		{D8BF4976-54CA-42EC-999D-1971BA30E96D}.Release|x86.Build.0 = Release|Any CPU
		{B1F549C8-ED4E-4542-A4B3-36B08FEB73B2}.Debug|Any CPU.ActiveCfg = Debug|Any CPU
		{B1F549C8-ED4E-4542-A4B3-36B08FEB73B2}.Debug|Any CPU.Build.0 = Debug|Any CPU
		{B1F549C8-ED4E-4542-A4B3-36B08FEB73B2}.Debug|x64.ActiveCfg = Debug|Any CPU
		{B1F549C8-ED4E-4542-A4B3-36B08FEB73B2}.Debug|x64.Build.0 = Debug|Any CPU
		{B1F549C8-ED4E-4542-A4B3-36B08FEB73B2}.Debug|x86.ActiveCfg = Debug|Any CPU
		{B1F549C8-ED4E-4542-A4B3-36B08FEB73B2}.Debug|x86.Build.0 = Debug|Any CPU
		{B1F549C8-ED4E-4542-A4B3-36B08FEB73B2}.Release|Any CPU.ActiveCfg = Release|Any CPU
		{B1F549C8-ED4E-4542-A4B3-36B08FEB73B2}.Release|Any CPU.Build.0 = Release|Any CPU
		{B1F549C8-ED4E-4542-A4B3-36B08FEB73B2}.Release|x64.ActiveCfg = Release|Any CPU
		{B1F549C8-ED4E-4542-A4B3-36B08FEB73B2}.Release|x64.Build.0 = Release|Any CPU
		{B1F549C8-ED4E-4542-A4B3-36B08FEB73B2}.Release|x86.ActiveCfg = Release|Any CPU
		{B1F549C8-ED4E-4542-A4B3-36B08FEB73B2}.Release|x86.Build.0 = Release|Any CPU
		{D5CF7619-5D30-4669-A494-80F1E524E726}.Debug|Any CPU.ActiveCfg = Debug|Any CPU
		{D5CF7619-5D30-4669-A494-80F1E524E726}.Debug|Any CPU.Build.0 = Debug|Any CPU
		{D5CF7619-5D30-4669-A494-80F1E524E726}.Debug|x64.ActiveCfg = Debug|Any CPU
		{D5CF7619-5D30-4669-A494-80F1E524E726}.Debug|x64.Build.0 = Debug|Any CPU
		{D5CF7619-5D30-4669-A494-80F1E524E726}.Debug|x86.ActiveCfg = Debug|Any CPU
		{D5CF7619-5D30-4669-A494-80F1E524E726}.Debug|x86.Build.0 = Debug|Any CPU
		{D5CF7619-5D30-4669-A494-80F1E524E726}.Release|Any CPU.ActiveCfg = Release|Any CPU
		{D5CF7619-5D30-4669-A494-80F1E524E726}.Release|Any CPU.Build.0 = Release|Any CPU
		{D5CF7619-5D30-4669-A494-80F1E524E726}.Release|x64.ActiveCfg = Release|Any CPU
		{D5CF7619-5D30-4669-A494-80F1E524E726}.Release|x64.Build.0 = Release|Any CPU
		{D5CF7619-5D30-4669-A494-80F1E524E726}.Release|x86.ActiveCfg = Release|Any CPU
		{D5CF7619-5D30-4669-A494-80F1E524E726}.Release|x86.Build.0 = Release|Any CPU
		{35DF4954-9877-46A9-BFDF-F736393F4E2E}.Debug|Any CPU.ActiveCfg = Debug|Any CPU
		{35DF4954-9877-46A9-BFDF-F736393F4E2E}.Debug|Any CPU.Build.0 = Debug|Any CPU
		{35DF4954-9877-46A9-BFDF-F736393F4E2E}.Debug|x64.ActiveCfg = Debug|Any CPU
		{35DF4954-9877-46A9-BFDF-F736393F4E2E}.Debug|x64.Build.0 = Debug|Any CPU
		{35DF4954-9877-46A9-BFDF-F736393F4E2E}.Debug|x86.ActiveCfg = Debug|Any CPU
		{35DF4954-9877-46A9-BFDF-F736393F4E2E}.Debug|x86.Build.0 = Debug|Any CPU
		{35DF4954-9877-46A9-BFDF-F736393F4E2E}.Release|Any CPU.ActiveCfg = Release|Any CPU
		{35DF4954-9877-46A9-BFDF-F736393F4E2E}.Release|Any CPU.Build.0 = Release|Any CPU
		{35DF4954-9877-46A9-BFDF-F736393F4E2E}.Release|x64.ActiveCfg = Release|Any CPU
		{35DF4954-9877-46A9-BFDF-F736393F4E2E}.Release|x64.Build.0 = Release|Any CPU
		{35DF4954-9877-46A9-BFDF-F736393F4E2E}.Release|x86.ActiveCfg = Release|Any CPU
		{35DF4954-9877-46A9-BFDF-F736393F4E2E}.Release|x86.Build.0 = Release|Any CPU
		{0E078925-9103-4374-90A5-6E5786A5B25D}.Debug|Any CPU.ActiveCfg = Debug|Any CPU
		{0E078925-9103-4374-90A5-6E5786A5B25D}.Debug|Any CPU.Build.0 = Debug|Any CPU
		{0E078925-9103-4374-90A5-6E5786A5B25D}.Debug|x64.ActiveCfg = Debug|Any CPU
		{0E078925-9103-4374-90A5-6E5786A5B25D}.Debug|x64.Build.0 = Debug|Any CPU
		{0E078925-9103-4374-90A5-6E5786A5B25D}.Debug|x86.ActiveCfg = Debug|Any CPU
		{0E078925-9103-4374-90A5-6E5786A5B25D}.Debug|x86.Build.0 = Debug|Any CPU
		{0E078925-9103-4374-90A5-6E5786A5B25D}.Release|Any CPU.ActiveCfg = Release|Any CPU
		{0E078925-9103-4374-90A5-6E5786A5B25D}.Release|Any CPU.Build.0 = Release|Any CPU
		{0E078925-9103-4374-90A5-6E5786A5B25D}.Release|x64.ActiveCfg = Release|Any CPU
		{0E078925-9103-4374-90A5-6E5786A5B25D}.Release|x64.Build.0 = Release|Any CPU
		{0E078925-9103-4374-90A5-6E5786A5B25D}.Release|x86.ActiveCfg = Release|Any CPU
		{0E078925-9103-4374-90A5-6E5786A5B25D}.Release|x86.Build.0 = Release|Any CPU
		{51420CE2-F578-4A0F-9492-98C5DC9CD80C}.Debug|Any CPU.ActiveCfg = Debug|Any CPU
		{51420CE2-F578-4A0F-9492-98C5DC9CD80C}.Debug|Any CPU.Build.0 = Debug|Any CPU
		{51420CE2-F578-4A0F-9492-98C5DC9CD80C}.Debug|x64.ActiveCfg = Debug|Any CPU
		{51420CE2-F578-4A0F-9492-98C5DC9CD80C}.Debug|x64.Build.0 = Debug|Any CPU
		{51420CE2-F578-4A0F-9492-98C5DC9CD80C}.Debug|x86.ActiveCfg = Debug|Any CPU
		{51420CE2-F578-4A0F-9492-98C5DC9CD80C}.Debug|x86.Build.0 = Debug|Any CPU
		{51420CE2-F578-4A0F-9492-98C5DC9CD80C}.Release|Any CPU.ActiveCfg = Release|Any CPU
		{51420CE2-F578-4A0F-9492-98C5DC9CD80C}.Release|Any CPU.Build.0 = Release|Any CPU
		{51420CE2-F578-4A0F-9492-98C5DC9CD80C}.Release|x64.ActiveCfg = Release|Any CPU
		{51420CE2-F578-4A0F-9492-98C5DC9CD80C}.Release|x64.Build.0 = Release|Any CPU
		{51420CE2-F578-4A0F-9492-98C5DC9CD80C}.Release|x86.ActiveCfg = Release|Any CPU
		{51420CE2-F578-4A0F-9492-98C5DC9CD80C}.Release|x86.Build.0 = Release|Any CPU
		{12F906F9-CBD3-47F0-86A0-C7A12CB62CC2}.Debug|Any CPU.ActiveCfg = Debug|Any CPU
		{12F906F9-CBD3-47F0-86A0-C7A12CB62CC2}.Debug|Any CPU.Build.0 = Debug|Any CPU
		{12F906F9-CBD3-47F0-86A0-C7A12CB62CC2}.Debug|x64.ActiveCfg = Debug|Any CPU
		{12F906F9-CBD3-47F0-86A0-C7A12CB62CC2}.Debug|x64.Build.0 = Debug|Any CPU
		{12F906F9-CBD3-47F0-86A0-C7A12CB62CC2}.Debug|x86.ActiveCfg = Debug|Any CPU
		{12F906F9-CBD3-47F0-86A0-C7A12CB62CC2}.Debug|x86.Build.0 = Debug|Any CPU
		{12F906F9-CBD3-47F0-86A0-C7A12CB62CC2}.Release|Any CPU.ActiveCfg = Release|Any CPU
		{12F906F9-CBD3-47F0-86A0-C7A12CB62CC2}.Release|Any CPU.Build.0 = Release|Any CPU
		{12F906F9-CBD3-47F0-86A0-C7A12CB62CC2}.Release|x64.ActiveCfg = Release|Any CPU
		{12F906F9-CBD3-47F0-86A0-C7A12CB62CC2}.Release|x64.Build.0 = Release|Any CPU
		{12F906F9-CBD3-47F0-86A0-C7A12CB62CC2}.Release|x86.ActiveCfg = Release|Any CPU
		{12F906F9-CBD3-47F0-86A0-C7A12CB62CC2}.Release|x86.Build.0 = Release|Any CPU
	EndGlobalSection
	GlobalSection(SolutionProperties) = preSolution
		HideSolutionNode = FALSE
	EndGlobalSection
	GlobalSection(NestedProjects) = preSolution
		{5098C2F0-CE6C-4116-B16F-1C1646217BC2} = {6134C64A-A04E-4B25-A2F6-51E9C7564237}
		{1A9F87DE-463D-4259-A832-E9F967B5F774} = {6134C64A-A04E-4B25-A2F6-51E9C7564237}
		{01E4C50D-7D00-4595-AB65-E21B429F66B4} = {6134C64A-A04E-4B25-A2F6-51E9C7564237}
		{D8BF4976-54CA-42EC-999D-1971BA30E96D} = {6134C64A-A04E-4B25-A2F6-51E9C7564237}
		{B1F549C8-ED4E-4542-A4B3-36B08FEB73B2} = {E9ADEB77-38F8-4574-A601-60EDDBD64AE6}
		{D5CF7619-5D30-4669-A494-80F1E524E726} = {E9ADEB77-38F8-4574-A601-60EDDBD64AE6}
		{35DF4954-9877-46A9-BFDF-F736393F4E2E} = {1DDDA476-F499-4A63-B302-A8DDB19084F2}
		{0E078925-9103-4374-90A5-6E5786A5B25D} = {1DDDA476-F499-4A63-B302-A8DDB19084F2}
		{51420CE2-F578-4A0F-9492-98C5DC9CD80C} = {1DDDA476-F499-4A63-B302-A8DDB19084F2}
		{12F906F9-CBD3-47F0-86A0-C7A12CB62CC2} = {815B5136-A8D5-4084-B93D-F0C96C7B4E14}
	EndGlobalSection
	GlobalSection(ExtensibilityGlobals) = postSolution
		SolutionGuid = {3C73BED1-C7C1-42E4-BCC0-DF6B042D6185}
	EndGlobalSection
EndGlobal
